
Microsoft Visual Studio Solution File, Format Version 12.00
# Visual Studio Version 16
VisualStudioVersion = 16.0.28729.10
MinimumVisualStudioVersion = 10.0.40219.1
Project("{FAE04EC0-301F-11D3-BF4B-00C04F79EFBC}") = "ProjektApp.Android", "ProjektApp\ProjektApp.Android\ProjektApp.Android.csproj", "{74BF3F45-4986-4566-BAA6-77480DE07A9E}"
EndProject
Project("{FAE04EC0-301F-11D3-BF4B-00C04F79EFBC}") = "ProjektApp.iOS", "ProjektApp\ProjektApp.iOS\ProjektApp.iOS.csproj", "{1656C5A2-6ED9-4FD5-A2D9-31CC5BE4B86C}"
EndProject
Project("{FAE04EC0-301F-11D3-BF4B-00C04F79EFBC}") = "ProjektApp", "ProjektApp\ProjektApp\ProjektApp.csproj", "{0A6BE7CF-03DD-49E9-973F-69439820CBDD}"
EndProject
Global
	GlobalSection(SolutionConfigurationPlatforms) = preSolution
		Debug|Any CPU = Debug|Any CPU
		Debug|iPhone = Debug|iPhone
		Debug|iPhoneSimulator = Debug|iPhoneSimulator
		Release|Any CPU = Release|Any CPU
		Release|iPhone = Release|iPhone
		Release|iPhoneSimulator = Release|iPhoneSimulator
	EndGlobalSection
	GlobalSection(ProjectConfigurationPlatforms) = postSolution
		{74BF3F45-4986-4566-BAA6-77480DE07A9E}.Debug|Any CPU.ActiveCfg = Debug|Any CPU
		{74BF3F45-4986-4566-BAA6-77480DE07A9E}.Debug|Any CPU.Build.0 = Debug|Any CPU
		{74BF3F45-4986-4566-BAA6-77480DE07A9E}.Debug|Any CPU.Deploy.0 = Debug|Any CPU
		{74BF3F45-4986-4566-BAA6-77480DE07A9E}.Debug|iPhone.ActiveCfg = Debug|Any CPU
		{74BF3F45-4986-4566-BAA6-77480DE07A9E}.Debug|iPhone.Build.0 = Debug|Any CPU
		{74BF3F45-4986-4566-BAA6-77480DE07A9E}.Debug|iPhone.Deploy.0 = Debug|Any CPU
		{74BF3F45-4986-4566-BAA6-77480DE07A9E}.Debug|iPhoneSimulator.ActiveCfg = Debug|Any CPU
		{74BF3F45-4986-4566-BAA6-77480DE07A9E}.Debug|iPhoneSimulator.Build.0 = Debug|Any CPU
		{74BF3F45-4986-4566-BAA6-77480DE07A9E}.Debug|iPhoneSimulator.Deploy.0 = Debug|Any CPU
		{74BF3F45-4986-4566-BAA6-77480DE07A9E}.Release|Any CPU.ActiveCfg = Release|Any CPU
		{74BF3F45-4986-4566-BAA6-77480DE07A9E}.Release|Any CPU.Build.0 = Release|Any CPU
		{74BF3F45-4986-4566-BAA6-77480DE07A9E}.Release|Any CPU.Deploy.0 = Release|Any CPU
		{74BF3F45-4986-4566-BAA6-77480DE07A9E}.Release|iPhone.ActiveCfg = Release|Any CPU
		{74BF3F45-4986-4566-BAA6-77480DE07A9E}.Release|iPhone.Build.0 = Release|Any CPU
		{74BF3F45-4986-4566-BAA6-77480DE07A9E}.Release|iPhone.Deploy.0 = Release|Any CPU
		{74BF3F45-4986-4566-BAA6-77480DE07A9E}.Release|iPhoneSimulator.ActiveCfg = Release|Any CPU
		{74BF3F45-4986-4566-BAA6-77480DE07A9E}.Release|iPhoneSimulator.Build.0 = Release|Any CPU
		{74BF3F45-4986-4566-BAA6-77480DE07A9E}.Release|iPhoneSimulator.Deploy.0 = Release|Any CPU
		{1656C5A2-6ED9-4FD5-A2D9-31CC5BE4B86C}.Debug|Any CPU.ActiveCfg = Debug|iPhoneSimulator
		{1656C5A2-6ED9-4FD5-A2D9-31CC5BE4B86C}.Debug|Any CPU.Build.0 = Debug|iPhoneSimulator
		{1656C5A2-6ED9-4FD5-A2D9-31CC5BE4B86C}.Debug|Any CPU.Deploy.0 = Debug|iPhoneSimulator
		{1656C5A2-6ED9-4FD5-A2D9-31CC5BE4B86C}.Debug|iPhone.ActiveCfg = Debug|iPhone
		{1656C5A2-6ED9-4FD5-A2D9-31CC5BE4B86C}.Debug|iPhone.Build.0 = Debug|iPhone
		{1656C5A2-6ED9-4FD5-A2D9-31CC5BE4B86C}.Debug|iPhone.Deploy.0 = Debug|iPhone
		{1656C5A2-6ED9-4FD5-A2D9-31CC5BE4B86C}.Debug|iPhoneSimulator.ActiveCfg = Debug|iPhoneSimulator
		{1656C5A2-6ED9-4FD5-A2D9-31CC5BE4B86C}.Debug|iPhoneSimulator.Build.0 = Debug|iPhoneSimulator
		{1656C5A2-6ED9-4FD5-A2D9-31CC5BE4B86C}.Debug|iPhoneSimulator.Deploy.0 = Debug|iPhoneSimulator
		{1656C5A2-6ED9-4FD5-A2D9-31CC5BE4B86C}.Release|Any CPU.ActiveCfg = Release|iPhone
		{1656C5A2-6ED9-4FD5-A2D9-31CC5BE4B86C}.Release|Any CPU.Build.0 = Release|iPhone
		{1656C5A2-6ED9-4FD5-A2D9-31CC5BE4B86C}.Release|Any CPU.Deploy.0 = Release|iPhone
		{1656C5A2-6ED9-4FD5-A2D9-31CC5BE4B86C}.Release|iPhone.ActiveCfg = Release|iPhone
		{1656C5A2-6ED9-4FD5-A2D9-31CC5BE4B86C}.Release|iPhone.Build.0 = Release|iPhone
		{1656C5A2-6ED9-4FD5-A2D9-31CC5BE4B86C}.Release|iPhone.Deploy.0 = Release|iPhone
		{1656C5A2-6ED9-4FD5-A2D9-31CC5BE4B86C}.Release|iPhoneSimulator.ActiveCfg = Release|iPhoneSimulator
		{1656C5A2-6ED9-4FD5-A2D9-31CC5BE4B86C}.Release|iPhoneSimulator.Build.0 = Release|iPhoneSimulator
		{1656C5A2-6ED9-4FD5-A2D9-31CC5BE4B86C}.Release|iPhoneSimulator.Deploy.0 = Release|iPhoneSimulator
		{0A6BE7CF-03DD-49E9-973F-69439820CBDD}.Debug|Any CPU.ActiveCfg = Debug|Any CPU
		{0A6BE7CF-03DD-49E9-973F-69439820CBDD}.Debug|Any CPU.Build.0 = Debug|Any CPU
		{0A6BE7CF-03DD-49E9-973F-69439820CBDD}.Debug|Any CPU.Deploy.0 = Debug|Any CPU
		{0A6BE7CF-03DD-49E9-973F-69439820CBDD}.Debug|iPhone.ActiveCfg = Debug|Any CPU
		{0A6BE7CF-03DD-49E9-973F-69439820CBDD}.Debug|iPhone.Build.0 = Debug|Any CPU
		{0A6BE7CF-03DD-49E9-973F-69439820CBDD}.Debug|iPhone.Deploy.0 = Debug|Any CPU
		{0A6BE7CF-03DD-49E9-973F-69439820CBDD}.Debug|iPhoneSimulator.ActiveCfg = Debug|Any CPU
		{0A6BE7CF-03DD-49E9-973F-69439820CBDD}.Debug|iPhoneSimulator.Build.0 = Debug|Any CPU
		{0A6BE7CF-03DD-49E9-973F-69439820CBDD}.Debug|iPhoneSimulator.Deploy.0 = Debug|Any CPU
		{0A6BE7CF-03DD-49E9-973F-69439820CBDD}.Release|Any CPU.ActiveCfg = Release|Any CPU
		{0A6BE7CF-03DD-49E9-973F-69439820CBDD}.Release|Any CPU.Build.0 = Release|Any CPU
		{0A6BE7CF-03DD-49E9-973F-69439820CBDD}.Release|Any CPU.Deploy.0 = Release|Any CPU
		{0A6BE7CF-03DD-49E9-973F-69439820CBDD}.Release|iPhone.ActiveCfg = Release|Any CPU
		{0A6BE7CF-03DD-49E9-973F-69439820CBDD}.Release|iPhone.Build.0 = Release|Any CPU
		{0A6BE7CF-03DD-49E9-973F-69439820CBDD}.Release|iPhone.Deploy.0 = Release|Any CPU
		{0A6BE7CF-03DD-49E9-973F-69439820CBDD}.Release|iPhoneSimulator.ActiveCfg = Release|Any CPU
		{0A6BE7CF-03DD-49E9-973F-69439820CBDD}.Release|iPhoneSimulator.Build.0 = Release|Any CPU
		{0A6BE7CF-03DD-49E9-973F-69439820CBDD}.Release|iPhoneSimulator.Deploy.0 = Release|Any CPU
	EndGlobalSection
	GlobalSection(SolutionProperties) = preSolution
		HideSolutionNode = FALSE
	EndGlobalSection
	GlobalSection(ExtensibilityGlobals) = postSolution
		SolutionGuid = {C704B9A7-85CC-4666-8A9B-7EF097887169}
	EndGlobalSection
EndGlobal
